
Microsoft Visual Studio Solution File, Format Version 12.00
# Visual Studio 15
VisualStudioVersion = 15.0.26730.16
MinimumVisualStudioVersion = 10.0.40219.1
Project("{FAE04EC0-301F-11D3-BF4B-00C04F79EFBC}") = "BitcoinTalkScrapper", "BitcoinTalkScrapper\BitcoinTalkScrapper.csproj", "{2A7C3817-D1F2-4680-A02C-D0E09C6BB2AC}"
EndProject
Project("{FAE04EC0-301F-11D3-BF4B-00C04F79EFBC}") = "BitcoinTalkScrapperConsole", "BitcoinTalkScrapperConsole\BitcoinTalkScrapperConsole.csproj", "{5FD68392-2047-4A31-93A7-ACC9E28B774B}"
EndProject
Global
	GlobalSection(SolutionConfigurationPlatforms) = preSolution
		Debug|Any CPU = Debug|Any CPU
		Release|Any CPU = Release|Any CPU
	EndGlobalSection
	GlobalSection(ProjectConfigurationPlatforms) = postSolution
		{2A7C3817-D1F2-4680-A02C-D0E09C6BB2AC}.Debug|Any CPU.ActiveCfg = Debug|Any CPU
		{2A7C3817-D1F2-4680-A02C-D0E09C6BB2AC}.Debug|Any CPU.Build.0 = Debug|Any CPU
		{2A7C3817-D1F2-4680-A02C-D0E09C6BB2AC}.Release|Any CPU.ActiveCfg = Release|Any CPU
		{2A7C3817-D1F2-4680-A02C-D0E09C6BB2AC}.Release|Any CPU.Build.0 = Release|Any CPU
		{5FD68392-2047-4A31-93A7-ACC9E28B774B}.Debug|Any CPU.ActiveCfg = Debug|Any CPU
		{5FD68392-2047-4A31-93A7-ACC9E28B774B}.Debug|Any CPU.Build.0 = Debug|Any CPU
		{5FD68392-2047-4A31-93A7-ACC9E28B774B}.Release|Any CPU.ActiveCfg = Release|Any CPU
		{5FD68392-2047-4A31-93A7-ACC9E28B774B}.Release|Any CPU.Build.0 = Release|Any CPU
	EndGlobalSection
	GlobalSection(SolutionProperties) = preSolution
		HideSolutionNode = FALSE
	EndGlobalSection
	GlobalSection(ExtensibilityGlobals) = postSolution
		SolutionGuid = {65E0C949-FDF3-4A5F-948E-D9F8B7FE097F}
	EndGlobalSection
EndGlobal
